
Microsoft Visual Studio Solution File, Format Version 12.00
# Visual Studio Version 17
VisualStudioVersion = 17.7.34221.43
MinimumVisualStudioVersion = 10.0.40219.1
Project("{9A19103F-16F7-4668-BE54-9A1E7A4F7556}") = "Frontend-ProInvest", "Frontend-ProInvest\Frontend-ProInvest.csproj", "{2E2447BE-53B4-4386-A48E-85DB79B0A746}"
EndProject
Project("{9A19103F-16F7-4668-BE54-9A1E7A4F7556}") = "Frontend-ProInvestTests", "Frontend-ProInvestTests\Frontend-ProInvestTests.csproj", "{D0EE11AE-52EA-4006-976B-2C51B6065303}"
EndProject
Global
	GlobalSection(SolutionConfigurationPlatforms) = preSolution
		Debug|Any CPU = Debug|Any CPU
		Release|Any CPU = Release|Any CPU
	EndGlobalSection
	GlobalSection(ProjectConfigurationPlatforms) = postSolution
		{2E2447BE-53B4-4386-A48E-85DB79B0A746}.Debug|Any CPU.ActiveCfg = Debug|Any CPU
		{2E2447BE-53B4-4386-A48E-85DB79B0A746}.Debug|Any CPU.Build.0 = Debug|Any CPU
		{2E2447BE-53B4-4386-A48E-85DB79B0A746}.Release|Any CPU.ActiveCfg = Release|Any CPU
		{2E2447BE-53B4-4386-A48E-85DB79B0A746}.Release|Any CPU.Build.0 = Release|Any CPU
		{D0EE11AE-52EA-4006-976B-2C51B6065303}.Debug|Any CPU.ActiveCfg = Debug|Any CPU
		{D0EE11AE-52EA-4006-976B-2C51B6065303}.Debug|Any CPU.Build.0 = Debug|Any CPU
		{D0EE11AE-52EA-4006-976B-2C51B6065303}.Release|Any CPU.ActiveCfg = Release|Any CPU
		{D0EE11AE-52EA-4006-976B-2C51B6065303}.Release|Any CPU.Build.0 = Release|Any CPU
	EndGlobalSection
	GlobalSection(SolutionProperties) = preSolution
		HideSolutionNode = FALSE
	EndGlobalSection
	GlobalSection(ExtensibilityGlobals) = postSolution
		SolutionGuid = {93B8F493-4E68-4D92-800C-3DEEE5FC78A7}
	EndGlobalSection
EndGlobal
